
Microsoft Visual Studio Solution File, Format Version 12.00
# Visual Studio Version 17
VisualStudioVersion = 17.4.33122.133
MinimumVisualStudioVersion = 10.0.40219.1
Project("{FAE04EC0-301F-11D3-BF4B-00C04F79EFBC}") = "JwtInDotNetCore", "JwtInDotNetCore\JwtInDotNetCore.csproj", "{0263EDA6-A47B-4B78-ABC0-DFAD627AE11B}"
EndProject
Global
	GlobalSection(SolutionConfigurationPlatforms) = preSolution
		Debug|Any CPU = Debug|Any CPU
		Release|Any CPU = Release|Any CPU
	EndGlobalSection
	GlobalSection(ProjectConfigurationPlatforms) = postSolution
		{0263EDA6-A47B-4B78-ABC0-DFAD627AE11B}.Debug|Any CPU.ActiveCfg = Debug|Any CPU
		{0263EDA6-A47B-4B78-ABC0-DFAD627AE11B}.Debug|Any CPU.Build.0 = Debug|Any CPU
		{0263EDA6-A47B-4B78-ABC0-DFAD627AE11B}.Release|Any CPU.ActiveCfg = Release|Any CPU
		{0263EDA6-A47B-4B78-ABC0-DFAD627AE11B}.Release|Any CPU.Build.0 = Release|Any CPU
	EndGlobalSection
	GlobalSection(SolutionProperties) = preSolution
		HideSolutionNode = FALSE
	EndGlobalSection
	GlobalSection(ExtensibilityGlobals) = postSolution
		SolutionGuid = {F0BB5D92-862B-4AA6-B20B-67D0BBA07266}
	EndGlobalSection
EndGlobal
